
Microsoft Visual Studio Solution File, Format Version 12.00
# Visual Studio 14
VisualStudioVersion = 14.0.25123.0
MinimumVisualStudioVersion = 10.0.40219.1
Project("{2150E333-8FDC-42A3-9474-1A3956D46DE8}") = "test", "test", "{76B0767C-B664-4B0C-8878-26D79B4E8C84}"
EndProject
Project("{FAE04EC0-301F-11D3-BF4B-00C04F79EFBC}") = "01复习", "01复习\01复习.csproj", "{FAA3836F-E88B-42B1-ADA8-8485FC55282E}"
EndProject
Project("{FAE04EC0-301F-11D3-BF4B-00C04F79EFBC}") = "Bll", "BLL\Bll.csproj", "{25271F15-99E7-4A49-AC5F-2D1F5A0E329C}"
EndProject
Project("{FAE04EC0-301F-11D3-BF4B-00C04F79EFBC}") = "Dal", "DAL\Dal.csproj", "{26459003-5511-4DA9-A771-1AE62CE524AE}"
EndProject
Project("{FAE04EC0-301F-11D3-BF4B-00C04F79EFBC}") = "Model", "Model\Model.csproj", "{8A87E21F-54B2-44FE-BB60-39B272C61B9A}"
EndProject
Project("{FAE04EC0-301F-11D3-BF4B-00C04F79EFBC}") = "Common", "Common\Common.csproj", "{E9A76B9D-9982-4C84-A1CD-F5599B541024}"
EndProject
Project("{FAE04EC0-301F-11D3-BF4B-00C04F79EFBC}") = "UI", "UI\UI.csproj", "{C93D4900-F138-4CE8-A890-48E2438EB205}"
EndProject
Global
	GlobalSection(SolutionConfigurationPlatforms) = preSolution
		Debug|Any CPU = Debug|Any CPU
		Debug|x64 = Debug|x64
		Debug|x86 = Debug|x86
		Release|Any CPU = Release|Any CPU
		Release|x64 = Release|x64
		Release|x86 = Release|x86
	EndGlobalSection
	GlobalSection(ProjectConfigurationPlatforms) = postSolution
		{FAA3836F-E88B-42B1-ADA8-8485FC55282E}.Debug|Any CPU.ActiveCfg = Debug|Any CPU
		{FAA3836F-E88B-42B1-ADA8-8485FC55282E}.Debug|Any CPU.Build.0 = Debug|Any CPU
		{FAA3836F-E88B-42B1-ADA8-8485FC55282E}.Debug|x64.ActiveCfg = Debug|x64
		{FAA3836F-E88B-42B1-ADA8-8485FC55282E}.Debug|x64.Build.0 = Debug|x64
		{FAA3836F-E88B-42B1-ADA8-8485FC55282E}.Debug|x86.ActiveCfg = Debug|x86
		{FAA3836F-E88B-42B1-ADA8-8485FC55282E}.Debug|x86.Build.0 = Debug|x86
		{FAA3836F-E88B-42B1-ADA8-8485FC55282E}.Release|Any CPU.ActiveCfg = Release|Any CPU
		{FAA3836F-E88B-42B1-ADA8-8485FC55282E}.Release|Any CPU.Build.0 = Release|Any CPU
		{FAA3836F-E88B-42B1-ADA8-8485FC55282E}.Release|x64.ActiveCfg = Release|x64
		{FAA3836F-E88B-42B1-ADA8-8485FC55282E}.Release|x64.Build.0 = Release|x64
		{FAA3836F-E88B-42B1-ADA8-8485FC55282E}.Release|x86.ActiveCfg = Release|x86
		{FAA3836F-E88B-42B1-ADA8-8485FC55282E}.Release|x86.Build.0 = Release|x86
		{25271F15-99E7-4A49-AC5F-2D1F5A0E329C}.Debug|Any CPU.ActiveCfg = Debug|Any CPU
		{25271F15-99E7-4A49-AC5F-2D1F5A0E329C}.Debug|Any CPU.Build.0 = Debug|Any CPU
		{25271F15-99E7-4A49-AC5F-2D1F5A0E329C}.Debug|x64.ActiveCfg = Debug|Any CPU
		{25271F15-99E7-4A49-AC5F-2D1F5A0E329C}.Debug|x64.Build.0 = Debug|Any CPU
		{25271F15-99E7-4A49-AC5F-2D1F5A0E329C}.Debug|x86.ActiveCfg = Debug|Any CPU
		{25271F15-99E7-4A49-AC5F-2D1F5A0E329C}.Debug|x86.Build.0 = Debug|Any CPU
		{25271F15-99E7-4A49-AC5F-2D1F5A0E329C}.Release|Any CPU.ActiveCfg = Release|Any CPU
		{25271F15-99E7-4A49-AC5F-2D1F5A0E329C}.Release|Any CPU.Build.0 = Release|Any CPU
		{25271F15-99E7-4A49-AC5F-2D1F5A0E329C}.Release|x64.ActiveCfg = Release|Any CPU
		{25271F15-99E7-4A49-AC5F-2D1F5A0E329C}.Release|x64.Build.0 = Release|Any CPU
		{25271F15-99E7-4A49-AC5F-2D1F5A0E329C}.Release|x86.ActiveCfg = Release|Any CPU
		{25271F15-99E7-4A49-AC5F-2D1F5A0E329C}.Release|x86.Build.0 = Release|Any CPU
		{26459003-5511-4DA9-A771-1AE62CE524AE}.Debug|Any CPU.ActiveCfg = Debug|Any CPU
		{26459003-5511-4DA9-A771-1AE62CE524AE}.Debug|Any CPU.Build.0 = Debug|Any CPU
		{26459003-5511-4DA9-A771-1AE62CE524AE}.Debug|x64.ActiveCfg = Debug|Any CPU
		{26459003-5511-4DA9-A771-1AE62CE524AE}.Debug|x64.Build.0 = Debug|Any CPU
		{26459003-5511-4DA9-A771-1AE62CE524AE}.Debug|x86.ActiveCfg = Debug|Any CPU
		{26459003-5511-4DA9-A771-1AE62CE524AE}.Debug|x86.Build.0 = Debug|Any CPU
		{26459003-5511-4DA9-A771-1AE62CE524AE}.Release|Any CPU.ActiveCfg = Release|Any CPU
		{26459003-5511-4DA9-A771-1AE62CE524AE}.Release|Any CPU.Build.0 = Release|Any CPU
		{26459003-5511-4DA9-A771-1AE62CE524AE}.Release|x64.ActiveCfg = Release|Any CPU
		{26459003-5511-4DA9-A771-1AE62CE524AE}.Release|x64.Build.0 = Release|Any CPU
		{26459003-5511-4DA9-A771-1AE62CE524AE}.Release|x86.ActiveCfg = Release|Any CPU
		{26459003-5511-4DA9-A771-1AE62CE524AE}.Release|x86.Build.0 = Release|Any CPU
		{8A87E21F-54B2-44FE-BB60-39B272C61B9A}.Debug|Any CPU.ActiveCfg = Debug|Any CPU
		{8A87E21F-54B2-44FE-BB60-39B272C61B9A}.Debug|Any CPU.Build.0 = Debug|Any CPU
		{8A87E21F-54B2-44FE-BB60-39B272C61B9A}.Debug|x64.ActiveCfg = Debug|Any CPU
		{8A87E21F-54B2-44FE-BB60-39B272C61B9A}.Debug|x64.Build.0 = Debug|Any CPU
		{8A87E21F-54B2-44FE-BB60-39B272C61B9A}.Debug|x86.ActiveCfg = Debug|Any CPU
		{8A87E21F-54B2-44FE-BB60-39B272C61B9A}.Debug|x86.Build.0 = Debug|Any CPU
		{8A87E21F-54B2-44FE-BB60-39B272C61B9A}.Release|Any CPU.ActiveCfg = Release|Any CPU
		{8A87E21F-54B2-44FE-BB60-39B272C61B9A}.Release|Any CPU.Build.0 = Release|Any CPU
		{8A87E21F-54B2-44FE-BB60-39B272C61B9A}.Release|x64.ActiveCfg = Release|Any CPU
		{8A87E21F-54B2-44FE-BB60-39B272C61B9A}.Release|x64.Build.0 = Release|Any CPU
		{8A87E21F-54B2-44FE-BB60-39B272C61B9A}.Release|x86.ActiveCfg = Release|Any CPU
		{8A87E21F-54B2-44FE-BB60-39B272C61B9A}.Release|x86.Build.0 = Release|Any CPU
		{E9A76B9D-9982-4C84-A1CD-F5599B541024}.Debug|Any CPU.ActiveCfg = Debug|Any CPU
		{E9A76B9D-9982-4C84-A1CD-F5599B541024}.Debug|Any CPU.Build.0 = Debug|Any CPU
		{E9A76B9D-9982-4C84-A1CD-F5599B541024}.Debug|x64.ActiveCfg = Debug|Any CPU
		{E9A76B9D-9982-4C84-A1CD-F5599B541024}.Debug|x64.Build.0 = Debug|Any CPU
		{E9A76B9D-9982-4C84-A1CD-F5599B541024}.Debug|x86.ActiveCfg = Debug|Any CPU
		{E9A76B9D-9982-4C84-A1CD-F5599B541024}.Debug|x86.Build.0 = Debug|Any CPU
		{E9A76B9D-9982-4C84-A1CD-F5599B541024}.Release|Any CPU.ActiveCfg = Release|Any CPU
		{E9A76B9D-9982-4C84-A1CD-F5599B541024}.Release|Any CPU.Build.0 = Release|Any CPU
		{E9A76B9D-9982-4C84-A1CD-F5599B541024}.Release|x64.ActiveCfg = Release|Any CPU
		{E9A76B9D-9982-4C84-A1CD-F5599B541024}.Release|x64.Build.0 = Release|Any CPU
		{E9A76B9D-9982-4C84-A1CD-F5599B541024}.Release|x86.ActiveCfg = Release|Any CPU
		{E9A76B9D-9982-4C84-A1CD-F5599B541024}.Release|x86.Build.0 = Release|Any CPU
		{C93D4900-F138-4CE8-A890-48E2438EB205}.Debug|Any CPU.ActiveCfg = Debug|Any CPU
		{C93D4900-F138-4CE8-A890-48E2438EB205}.Debug|Any CPU.Build.0 = Debug|Any CPU
		{C93D4900-F138-4CE8-A890-48E2438EB205}.Debug|x64.ActiveCfg = Debug|Any CPU
		{C93D4900-F138-4CE8-A890-48E2438EB205}.Debug|x64.Build.0 = Debug|Any CPU
		{C93D4900-F138-4CE8-A890-48E2438EB205}.Debug|x86.ActiveCfg = Debug|Any CPU
		{C93D4900-F138-4CE8-A890-48E2438EB205}.Debug|x86.Build.0 = Debug|Any CPU
		{C93D4900-F138-4CE8-A890-48E2438EB205}.Release|Any CPU.ActiveCfg = Release|Any CPU
		{C93D4900-F138-4CE8-A890-48E2438EB205}.Release|Any CPU.Build.0 = Release|Any CPU
		{C93D4900-F138-4CE8-A890-48E2438EB205}.Release|x64.ActiveCfg = Release|Any CPU
		{C93D4900-F138-4CE8-A890-48E2438EB205}.Release|x64.Build.0 = Release|Any CPU
		{C93D4900-F138-4CE8-A890-48E2438EB205}.Release|x86.ActiveCfg = Release|Any CPU
		{C93D4900-F138-4CE8-A890-48E2438EB205}.Release|x86.Build.0 = Release|Any CPU
	EndGlobalSection
	GlobalSection(SolutionProperties) = preSolution
		HideSolutionNode = FALSE
	EndGlobalSection
	GlobalSection(NestedProjects) = preSolution
		{FAA3836F-E88B-42B1-ADA8-8485FC55282E} = {76B0767C-B664-4B0C-8878-26D79B4E8C84}
	EndGlobalSection
EndGlobal
