
Microsoft Visual Studio Solution File, Format Version 12.00
# Visual Studio 14
VisualStudioVersion = 14.0.25420.1
MinimumVisualStudioVersion = 10.0.40219.1
Project("{FAE04EC0-301F-11D3-BF4B-00C04F79EFBC}") = "Bll", "BLL\Bll.csproj", "{25271F15-99E7-4A49-AC5F-2D1F5A0E329C}"
EndProject
Project("{FAE04EC0-301F-11D3-BF4B-00C04F79EFBC}") = "Dal", "DAL\Dal.csproj", "{26459003-5511-4DA9-A771-1AE62CE524AE}"
EndProject
Project("{FAE04EC0-301F-11D3-BF4B-00C04F79EFBC}") = "Model", "Model\Model.csproj", "{8A87E21F-54B2-44FE-BB60-39B272C61B9A}"
EndProject
Project("{FAE04EC0-301F-11D3-BF4B-00C04F79EFBC}") = "Common", "Common\Common.csproj", "{E9A76B9D-9982-4C84-A1CD-F5599B541024}"
EndProject
Project("{FAE04EC0-301F-11D3-BF4B-00C04F79EFBC}") = "UI", "UI\UI.csproj", "{C93D4900-F138-4CE8-A890-48E2438EB205}"
EndProject
Project("{FAE04EC0-301F-11D3-BF4B-00C04F79EFBC}") = "WebApp", "WebApp\WebApp.csproj", "{ACC62CE1-B75E-4035-AAD1-4CBA06BE0435}"
	ProjectSection(ProjectDependencies) = postProject
		{25271F15-99E7-4A49-AC5F-2D1F5A0E329C} = {25271F15-99E7-4A49-AC5F-2D1F5A0E329C}
		{8A87E21F-54B2-44FE-BB60-39B272C61B9A} = {8A87E21F-54B2-44FE-BB60-39B272C61B9A}
		{E9A76B9D-9982-4C84-A1CD-F5599B541024} = {E9A76B9D-9982-4C84-A1CD-F5599B541024}
	EndProjectSection
EndProject
Global
	GlobalSection(SolutionConfigurationPlatforms) = preSolution
		Debug|Any CPU = Debug|Any CPU
		Release|Any CPU = Release|Any CPU
	EndGlobalSection
	GlobalSection(ProjectConfigurationPlatforms) = postSolution
		{25271F15-99E7-4A49-AC5F-2D1F5A0E329C}.Debug|Any CPU.ActiveCfg = Debug|Any CPU
		{25271F15-99E7-4A49-AC5F-2D1F5A0E329C}.Debug|Any CPU.Build.0 = Debug|Any CPU
		{25271F15-99E7-4A49-AC5F-2D1F5A0E329C}.Release|Any CPU.ActiveCfg = Release|Any CPU
		{25271F15-99E7-4A49-AC5F-2D1F5A0E329C}.Release|Any CPU.Build.0 = Release|Any CPU
		{26459003-5511-4DA9-A771-1AE62CE524AE}.Debug|Any CPU.ActiveCfg = Debug|Any CPU
		{26459003-5511-4DA9-A771-1AE62CE524AE}.Debug|Any CPU.Build.0 = Debug|Any CPU
		{26459003-5511-4DA9-A771-1AE62CE524AE}.Release|Any CPU.ActiveCfg = Release|Any CPU
		{26459003-5511-4DA9-A771-1AE62CE524AE}.Release|Any CPU.Build.0 = Release|Any CPU
		{8A87E21F-54B2-44FE-BB60-39B272C61B9A}.Debug|Any CPU.ActiveCfg = Debug|Any CPU
		{8A87E21F-54B2-44FE-BB60-39B272C61B9A}.Debug|Any CPU.Build.0 = Debug|Any CPU
		{8A87E21F-54B2-44FE-BB60-39B272C61B9A}.Release|Any CPU.ActiveCfg = Release|Any CPU
		{8A87E21F-54B2-44FE-BB60-39B272C61B9A}.Release|Any CPU.Build.0 = Release|Any CPU
		{E9A76B9D-9982-4C84-A1CD-F5599B541024}.Debug|Any CPU.ActiveCfg = Debug|Any CPU
		{E9A76B9D-9982-4C84-A1CD-F5599B541024}.Debug|Any CPU.Build.0 = Debug|Any CPU
		{E9A76B9D-9982-4C84-A1CD-F5599B541024}.Release|Any CPU.ActiveCfg = Release|Any CPU
		{E9A76B9D-9982-4C84-A1CD-F5599B541024}.Release|Any CPU.Build.0 = Release|Any CPU
		{C93D4900-F138-4CE8-A890-48E2438EB205}.Debug|Any CPU.ActiveCfg = Debug|Any CPU
		{C93D4900-F138-4CE8-A890-48E2438EB205}.Debug|Any CPU.Build.0 = Debug|Any CPU
		{C93D4900-F138-4CE8-A890-48E2438EB205}.Release|Any CPU.ActiveCfg = Release|Any CPU
		{C93D4900-F138-4CE8-A890-48E2438EB205}.Release|Any CPU.Build.0 = Release|Any CPU
		{ACC62CE1-B75E-4035-AAD1-4CBA06BE0435}.Debug|Any CPU.ActiveCfg = Debug|Any CPU
		{ACC62CE1-B75E-4035-AAD1-4CBA06BE0435}.Debug|Any CPU.Build.0 = Debug|Any CPU
		{ACC62CE1-B75E-4035-AAD1-4CBA06BE0435}.Release|Any CPU.ActiveCfg = Release|Any CPU
		{ACC62CE1-B75E-4035-AAD1-4CBA06BE0435}.Release|Any CPU.Build.0 = Release|Any CPU
	EndGlobalSection
	GlobalSection(SolutionProperties) = preSolution
		HideSolutionNode = FALSE
	EndGlobalSection
EndGlobal
